{
    "_readme": [
        "This file locks the dependencies of your project to a known state",
        "Read more about it at https://getcomposer.org/doc/01-basic-usage.md#installing-dependencies",
        "This file is @generated automatically"
    ],
    "content-hash": "87a0d2e5770f7dc12a980e656a33b439",
    "packages": [
        {
            "name": "http-interop/response-sender",
            "version": "1.0.0",
            "source": {
                "type": "git",
                "url": "https://github.com/http-interop/response-sender.git",
                "reference": "fd63be06cd6c9216ef3c725af1a3f6b155eebc84"
            },
            "dist": {
                "type": "zip",
                "url": "https://api.github.com/repos/http-interop/response-sender/zipball/fd63be06cd6c9216ef3c725af1a3f6b155eebc84",
                "reference": "fd63be06cd6c9216ef3c725af1a3f6b155eebc84",
                "shasum": ""
            },
            "require": {
                "psr/http-message": "^1.0"
            },
            "require-dev": {
                "guzzlehttp/psr7": "^1.4",
                "php-mock/php-mock-phpunit": "^1.1",
                "phpunit/phpunit": "^5.6"
            },
            "type": "library",
            "autoload": {
                "files": [
                    "src/functions.php"
                ]
            },
            "notification-url": "https://packagist.org/downloads/",
            "license": [
                "MIT"
            ],
            "authors": [
                {
                    "name": "Woody Gilk",
                    "email": "woody.gilk@gmail.com"
                }
            ],
            "description": "A function to convert PSR-7 Response to HTTP output",
            "time": "2017-03-17T15:46:19+00:00"
        },
        {
            "name": "middlewares/cors",
            "version": "v2.0.0",
            "source": {
                "type": "git",
                "url": "https://github.com/middlewares/cors.git",
                "reference": "629582786348db4407f7728f43e4f97f46ec6d53"
            },
            "dist": {
                "type": "zip",
                "url": "https://api.github.com/repos/middlewares/cors/zipball/629582786348db4407f7728f43e4f97f46ec6d53",
                "reference": "629582786348db4407f7728f43e4f97f46ec6d53",
                "shasum": ""
            },
            "require": {
                "middlewares/utils": "^3.0",
                "neomerx/cors-psr7": "^2.0",
                "php": "^7.2",
                "psr/http-server-middleware": "^1.0"
            },
            "require-dev": {
                "friendsofphp/php-cs-fixer": "^2.0",
                "oscarotero/php-cs-fixer-config": "^1.0",
                "phpunit/phpunit": "^8.1",
                "squizlabs/php_codesniffer": "^3.0",
                "zendframework/zend-diactoros": "^2.2"
            },
            "type": "library",
            "autoload": {
                "psr-4": {
                    "Middlewares\\": "src/"
                }
            },
            "notification-url": "https://packagist.org/downloads/",
            "license": [
                "MIT"
            ],
            "description": "Middleware to implement Cross-Origin Resource Sharing (CORS)",
            "homepage": "https://github.com/middlewares/cors",
            "keywords": [
                "cors",
                "cross-origin",
                "http",
                "middleware",
                "psr-15",
                "psr-7",
                "security"
            ],
            "time": "2019-11-30T23:25:59+00:00"
        },
        {
            "name": "middlewares/payload",
            "version": "v3.0.0",
            "source": {
                "type": "git",
                "url": "https://github.com/middlewares/payload.git",
                "reference": "9a3f312b7989ab9ead69a73c4b3477c2bac8ed21"
            },
            "dist": {
                "type": "zip",
                "url": "https://api.github.com/repos/middlewares/payload/zipball/9a3f312b7989ab9ead69a73c4b3477c2bac8ed21",
                "reference": "9a3f312b7989ab9ead69a73c4b3477c2bac8ed21",
                "shasum": ""
            },
            "require": {
                "middlewares/utils": "^3.0",
                "php": "^7.2",
                "psr/http-server-middleware": "^1.0"
            },
            "require-dev": {
                "friendsofphp/php-cs-fixer": "^2.0",
                "oscarotero/php-cs-fixer-config": "^1.0",
                "phpunit/phpunit": "^8.1",
                "squizlabs/php_codesniffer": "^3.0",
                "zendframework/zend-diactoros": "^2.2"
            },
            "suggest": {
                "middlewares/csv-payload": "Adds support for parsing CSV body of request"
            },
            "type": "library",
            "autoload": {
                "psr-4": {
                    "Middlewares\\": "src/"
                }
            },
            "notification-url": "https://packagist.org/downloads/",
            "license": [
                "MIT"
            ],
            "description": "Middleware to parse the body of the request with support for json, csv and url-encode",
            "homepage": "https://github.com/middlewares/payload",
            "keywords": [
                "http",
                "json",
                "middleware",
                "payload",
                "psr-15",
                "psr-7",
                "server",
                "url-encode"
            ],
            "time": "2019-11-29T17:20:58+00:00"
        },
        {
            "name": "middlewares/utils",
            "version": "v3.0.1",
            "source": {
                "type": "git",
                "url": "https://github.com/middlewares/utils.git",
                "reference": "0f7117b8942e81594541638b20d168e47b797805"
            },
            "dist": {
                "type": "zip",
                "url": "https://api.github.com/repos/middlewares/utils/zipball/0f7117b8942e81594541638b20d168e47b797805",
                "reference": "0f7117b8942e81594541638b20d168e47b797805",
                "shasum": ""
            },
            "require": {
                "php": "^7.2",
                "psr/container": "^1.0",
                "psr/http-factory": "^1.0",
                "psr/http-message": "^1.0",
                "psr/http-server-middleware": "^1.0"
            },
            "require-dev": {
                "friendsofphp/php-cs-fixer": "^2.0",
                "guzzlehttp/psr7": "dev-master",
                "nyholm/psr7": "^1.0",
                "oscarotero/php-cs-fixer-config": "^1.0",
                "phpunit/phpunit": "^8.1",
                "slim/psr7": "~0.3",
                "squizlabs/php_codesniffer": "^3.0",
                "sunrise/http-message": "^1.0",
                "sunrise/http-server-request": "^1.0",
                "sunrise/stream": "^1.0",
                "sunrise/uri": "^1.0",
                "zendframework/zend-diactoros": "^2.0.1"
            },
            "type": "library",
            "autoload": {
                "psr-4": {
                    "Middlewares\\Utils\\": "src/"
                }
            },
            "notification-url": "https://packagist.org/downloads/",
            "license": [
                "MIT"
            ],
            "description": "Common utils for PSR-15 middleware packages",
            "homepage": "https://github.com/middlewares/utils",
            "keywords": [
                "PSR-11",
                "http",
                "middleware",
                "psr-15",
                "psr-17",
                "psr-7"
            ],
            "time": "2019-11-29T12:20:12+00:00"
        },
        {
            "name": "neomerx/cors-psr7",
            "version": "v2.0.2",
            "source": {
                "type": "git",
                "url": "https://github.com/neomerx/cors-psr7.git",
                "reference": "454e923aaf9ba4aa162f7aca2a514e41708b6ba5"
            },
            "dist": {
                "type": "zip",
                "url": "https://api.github.com/repos/neomerx/cors-psr7/zipball/454e923aaf9ba4aa162f7aca2a514e41708b6ba5",
                "reference": "454e923aaf9ba4aa162f7aca2a514e41708b6ba5",
                "shasum": ""
            },
            "require": {
                "php": ">=7.1.0",
                "psr/http-message": "^1.0",
                "psr/log": "^1.0"
            },
            "require-dev": {
                "friendsofphp/php-cs-fixer": "^2.14",
                "mockery/mockery": "^1.0",
                "phpmd/phpmd": "^2.6",
                "phpunit/phpunit": "^7.0",
                "scrutinizer/ocular": "^1.4",
                "squizlabs/php_codesniffer": "^2.9"
            },
            "type": "library",
            "autoload": {
                "psr-4": {
                    "Neomerx\\Cors\\": "src/"
                }
            },
            "notification-url": "https://packagist.org/downloads/",
            "license": [
                "Apache-2.0"
            ],
            "authors": [
                {
                    "name": "neomerx",
                    "email": "info@neomerx.com"
                }
            ],
            "description": "Framework agnostic (PSR-7) CORS implementation (www.w3.org/TR/cors/)",
            "homepage": "https://github.com/neomerx/cors-psr7",
            "keywords": [
                "Cross Origin Resource Sharing",
                "Cross-Origin Resource Sharing",
                "cors",
                "neomerx",
                "psr-7",
                "psr7",
                "w3.org",
                "www.w3.org"
            ],
            "time": "2019-02-14T10:35:50+00:00"
        },
        {
            "name": "nikic/fast-route",
            "version": "v1.3.0",
            "source": {
                "type": "git",
                "url": "https://github.com/nikic/FastRoute.git",
                "reference": "181d480e08d9476e61381e04a71b34dc0432e812"
            },
            "dist": {
                "type": "zip",
                "url": "https://api.github.com/repos/nikic/FastRoute/zipball/181d480e08d9476e61381e04a71b34dc0432e812",
                "reference": "181d480e08d9476e61381e04a71b34dc0432e812",
                "shasum": ""
            },
            "require": {
                "php": ">=5.4.0"
            },
            "require-dev": {
                "phpunit/phpunit": "^4.8.35|~5.7"
            },
            "type": "library",
            "autoload": {
                "psr-4": {
                    "FastRoute\\": "src/"
                },
                "files": [
                    "src/functions.php"
                ]
            },
            "notification-url": "https://packagist.org/downloads/",
            "license": [
                "BSD-3-Clause"
            ],
            "authors": [
                {
                    "name": "Nikita Popov",
                    "email": "nikic@php.net"
                }
            ],
            "description": "Fast request router for PHP",
            "keywords": [
                "router",
                "routing"
            ],
            "time": "2018-02-13T20:26:39+00:00"
        },
        {
            "name": "nyholm/psr7",
            "version": "1.2.1",
            "source": {
                "type": "git",
                "url": "https://github.com/Nyholm/psr7.git",
                "reference": "55ff6b76573f5b242554c9775792bd59fb52e11c"
            },
            "dist": {
                "type": "zip",
                "url": "https://api.github.com/repos/Nyholm/psr7/zipball/55ff6b76573f5b242554c9775792bd59fb52e11c",
                "reference": "55ff6b76573f5b242554c9775792bd59fb52e11c",
                "shasum": ""
            },
            "require": {
                "php": "^7.1",
                "php-http/message-factory": "^1.0",
                "psr/http-factory": "^1.0",
                "psr/http-message": "^1.0"
            },
            "provide": {
                "psr/http-factory-implementation": "1.0",
                "psr/http-message-implementation": "1.0"
            },
            "require-dev": {
                "http-interop/http-factory-tests": "dev-master",
                "php-http/psr7-integration-tests": "dev-master",
                "phpunit/phpunit": "^7.5"
            },
            "type": "library",
            "extra": {
                "branch-alias": {
                    "dev-master": "1.0-dev"
                }
            },
            "autoload": {
                "psr-4": {
                    "Nyholm\\Psr7\\": "src/"
                }
            },
            "notification-url": "https://packagist.org/downloads/",
            "license": [
                "MIT"
            ],
            "authors": [
                {
                    "name": "Tobias Nyholm",
                    "email": "tobias.nyholm@gmail.com"
                },
                {
                    "name": "Martijn van der Ven",
                    "email": "martijn@vanderven.se"
                }
            ],
            "description": "A fast PHP7 implementation of PSR-7",
            "homepage": "http://tnyholm.se",
            "keywords": [
                "psr-17",
                "psr-7"
            ],
            "time": "2019-09-05T13:24:16+00:00"
        },
        {
            "name": "nyholm/psr7-server",
            "version": "0.3.0",
            "source": {
                "type": "git",
                "url": "https://github.com/Nyholm/psr7-server.git",
                "reference": "1b71a848fcb066fb805b7a9ab3f41ff65bffcde8"
            },
            "dist": {
                "type": "zip",
                "url": "https://api.github.com/repos/Nyholm/psr7-server/zipball/1b71a848fcb066fb805b7a9ab3f41ff65bffcde8",
                "reference": "1b71a848fcb066fb805b7a9ab3f41ff65bffcde8",
                "shasum": ""
            },
            "require": {
                "php": "^7.1",
                "psr/http-factory": "^1.0",
                "psr/http-message": "^1.0"
            },
            "require-dev": {
                "nyholm/nsa": "^1.1",
                "nyholm/psr7": "^1.0",
                "phpunit/phpunit": "^7.0"
            },
            "type": "library",
            "autoload": {
                "psr-4": {
                    "Nyholm\\Psr7Server\\": "src/"
                }
            },
            "notification-url": "https://packagist.org/downloads/",
            "license": [
                "MIT"
            ],
            "authors": [
                {
                    "name": "Tobias Nyholm",
                    "email": "tobias.nyholm@gmail.com"
                },
                {
                    "name": "Martijn van der Ven",
                    "email": "martijn@vanderven.se"
                }
            ],
            "description": "Helper classes to handle PSR-7 server requests",
            "homepage": "http://tnyholm.se",
            "keywords": [
                "psr-17",
                "psr-7"
            ],
            "time": "2018-09-02T10:41:28+00:00"
        },
        {
            "name": "php-http/message-factory",
            "version": "v1.0.2",
            "source": {
                "type": "git",
                "url": "https://github.com/php-http/message-factory.git",
                "reference": "a478cb11f66a6ac48d8954216cfed9aa06a501a1"
            },
            "dist": {
                "type": "zip",
                "url": "https://api.github.com/repos/php-http/message-factory/zipball/a478cb11f66a6ac48d8954216cfed9aa06a501a1",
                "reference": "a478cb11f66a6ac48d8954216cfed9aa06a501a1",
                "shasum": ""
            },
            "require": {
                "php": ">=5.4",
                "psr/http-message": "^1.0"
            },
            "type": "library",
            "extra": {
                "branch-alias": {
                    "dev-master": "1.0-dev"
                }
            },
            "autoload": {
                "psr-4": {
                    "Http\\Message\\": "src/"
                }
            },
            "notification-url": "https://packagist.org/downloads/",
            "license": [
                "MIT"
            ],
            "authors": [
                {
                    "name": "Márk Sági-Kazár",
                    "email": "mark.sagikazar@gmail.com"
                }
            ],
            "description": "Factory interfaces for PSR-7 HTTP Message",
            "homepage": "http://php-http.org",
            "keywords": [
                "factory",
                "http",
                "message",
                "stream",
                "uri"
            ],
            "time": "2015-12-19T14:08:53+00:00"
        },
        {
            "name": "psr/container",
            "version": "1.0.0",
            "source": {
                "type": "git",
                "url": "https://github.com/php-fig/container.git",
                "reference": "b7ce3b176482dbbc1245ebf52b181af44c2cf55f"
            },
            "dist": {
                "type": "zip",
                "url": "https://api.github.com/repos/php-fig/container/zipball/b7ce3b176482dbbc1245ebf52b181af44c2cf55f",
                "reference": "b7ce3b176482dbbc1245ebf52b181af44c2cf55f",
                "shasum": ""
            },
            "require": {
                "php": ">=5.3.0"
            },
            "type": "library",
            "extra": {
                "branch-alias": {
                    "dev-master": "1.0.x-dev"
                }
            },
            "autoload": {
                "psr-4": {
                    "Psr\\Container\\": "src/"
                }
            },
            "notification-url": "https://packagist.org/downloads/",
            "license": [
                "MIT"
            ],
            "authors": [
                {
                    "name": "PHP-FIG",
                    "homepage": "http://www.php-fig.org/"
                }
            ],
            "description": "Common Container Interface (PHP FIG PSR-11)",
            "homepage": "https://github.com/php-fig/container",
            "keywords": [
                "PSR-11",
                "container",
                "container-interface",
                "container-interop",
                "psr"
            ],
            "time": "2017-02-14T16:28:37+00:00"
        },
        {
            "name": "psr/http-factory",
            "version": "1.0.1",
            "source": {
                "type": "git",
                "url": "https://github.com/php-fig/http-factory.git",
                "reference": "12ac7fcd07e5b077433f5f2bee95b3a771bf61be"
            },
            "dist": {
                "type": "zip",
                "url": "https://api.github.com/repos/php-fig/http-factory/zipball/12ac7fcd07e5b077433f5f2bee95b3a771bf61be",
                "reference": "12ac7fcd07e5b077433f5f2bee95b3a771bf61be",
                "shasum": ""
            },
            "require": {
                "php": ">=7.0.0",
                "psr/http-message": "^1.0"
            },
            "type": "library",
            "extra": {
                "branch-alias": {
                    "dev-master": "1.0.x-dev"
                }
            },
            "autoload": {
                "psr-4": {
                    "Psr\\Http\\Message\\": "src/"
                }
            },
            "notification-url": "https://packagist.org/downloads/",
            "license": [
                "MIT"
            ],
            "authors": [
                {
                    "name": "PHP-FIG",
                    "homepage": "http://www.php-fig.org/"
                }
            ],
            "description": "Common interfaces for PSR-7 HTTP message factories",
            "keywords": [
                "factory",
                "http",
                "message",
                "psr",
                "psr-17",
                "psr-7",
                "request",
                "response"
            ],
            "time": "2019-04-30T12:38:16+00:00"
        },
        {
            "name": "psr/http-message",
            "version": "1.0.1",
            "source": {
                "type": "git",
                "url": "https://github.com/php-fig/http-message.git",
                "reference": "f6561bf28d520154e4b0ec72be95418abe6d9363"
            },
            "dist": {
                "type": "zip",
                "url": "https://api.github.com/repos/php-fig/http-message/zipball/f6561bf28d520154e4b0ec72be95418abe6d9363",
                "reference": "f6561bf28d520154e4b0ec72be95418abe6d9363",
                "shasum": ""
            },
            "require": {
                "php": ">=5.3.0"
            },
            "type": "library",
            "extra": {
                "branch-alias": {
                    "dev-master": "1.0.x-dev"
                }
            },
            "autoload": {
                "psr-4": {
                    "Psr\\Http\\Message\\": "src/"
                }
            },
            "notification-url": "https://packagist.org/downloads/",
            "license": [
                "MIT"
            ],
            "authors": [
                {
                    "name": "PHP-FIG",
                    "homepage": "http://www.php-fig.org/"
                }
            ],
            "description": "Common interface for HTTP messages",
            "homepage": "https://github.com/php-fig/http-message",
            "keywords": [
                "http",
                "http-message",
                "psr",
                "psr-7",
                "request",
                "response"
            ],
            "time": "2016-08-06T14:39:51+00:00"
        },
        {
            "name": "psr/http-server-handler",
            "version": "1.0.1",
            "source": {
                "type": "git",
                "url": "https://github.com/php-fig/http-server-handler.git",
                "reference": "aff2f80e33b7f026ec96bb42f63242dc50ffcae7"
            },
            "dist": {
                "type": "zip",
                "url": "https://api.github.com/repos/php-fig/http-server-handler/zipball/aff2f80e33b7f026ec96bb42f63242dc50ffcae7",
                "reference": "aff2f80e33b7f026ec96bb42f63242dc50ffcae7",
                "shasum": ""
            },
            "require": {
                "php": ">=7.0",
                "psr/http-message": "^1.0"
            },
            "type": "library",
            "extra": {
                "branch-alias": {
                    "dev-master": "1.0.x-dev"
                }
            },
            "autoload": {
                "psr-4": {
                    "Psr\\Http\\Server\\": "src/"
                }
            },
            "notification-url": "https://packagist.org/downloads/",
            "license": [
                "MIT"
            ],
            "authors": [
                {
                    "name": "PHP-FIG",
                    "homepage": "http://www.php-fig.org/"
                }
            ],
            "description": "Common interface for HTTP server-side request handler",
            "keywords": [
                "handler",
                "http",
                "http-interop",
                "psr",
                "psr-15",
                "psr-7",
                "request",
                "response",
                "server"
            ],
            "time": "2018-10-30T16:46:14+00:00"
        },
        {
            "name": "psr/http-server-middleware",
            "version": "1.0.1",
            "source": {
                "type": "git",
                "url": "https://github.com/php-fig/http-server-middleware.git",
                "reference": "2296f45510945530b9dceb8bcedb5cb84d40c5f5"
            },
            "dist": {
                "type": "zip",
                "url": "https://api.github.com/repos/php-fig/http-server-middleware/zipball/2296f45510945530b9dceb8bcedb5cb84d40c5f5",
                "reference": "2296f45510945530b9dceb8bcedb5cb84d40c5f5",
                "shasum": ""
            },
            "require": {
                "php": ">=7.0",
                "psr/http-message": "^1.0",
                "psr/http-server-handler": "^1.0"
            },
            "type": "library",
            "extra": {
                "branch-alias": {
                    "dev-master": "1.0.x-dev"
                }
            },
            "autoload": {
                "psr-4": {
                    "Psr\\Http\\Server\\": "src/"
                }
            },
            "notification-url": "https://packagist.org/downloads/",
            "license": [
                "MIT"
            ],
            "authors": [
                {
                    "name": "PHP-FIG",
                    "homepage": "http://www.php-fig.org/"
                }
            ],
            "description": "Common interface for HTTP server-side middleware",
            "keywords": [
                "http",
                "http-interop",
                "middleware",
                "psr",
                "psr-15",
                "psr-7",
                "request",
                "response"
            ],
            "time": "2018-10-30T17:12:04+00:00"
        },
        {
            "name": "psr/log",
            "version": "1.1.2",
            "source": {
                "type": "git",
                "url": "https://github.com/php-fig/log.git",
                "reference": "446d54b4cb6bf489fc9d75f55843658e6f25d801"
            },
            "dist": {
                "type": "zip",
                "url": "https://api.github.com/repos/php-fig/log/zipball/446d54b4cb6bf489fc9d75f55843658e6f25d801",
                "reference": "446d54b4cb6bf489fc9d75f55843658e6f25d801",
                "shasum": ""
            },
            "require": {
                "php": ">=5.3.0"
            },
            "type": "library",
            "extra": {
                "branch-alias": {
                    "dev-master": "1.1.x-dev"
                }
            },
            "autoload": {
                "psr-4": {
                    "Psr\\Log\\": "Psr/Log/"
                }
            },
            "notification-url": "https://packagist.org/downloads/",
            "license": [
                "MIT"
            ],
            "authors": [
                {
                    "name": "PHP-FIG",
                    "homepage": "http://www.php-fig.org/"
                }
            ],
            "description": "Common interface for logging libraries",
            "homepage": "https://github.com/php-fig/log",
            "keywords": [
                "log",
                "psr",
                "psr-3"
            ],
            "time": "2019-11-01T11:05:21+00:00"
        },
        {
            "name": "quanta/array-type-check",
            "version": "0.3.0",
            "source": {
                "type": "git",
                "url": "https://github.com/quantaphp/array-type-check.git",
                "reference": "17a233857d6d77c4143677a5a523eaa4ea7c89cc"
            },
            "dist": {
                "type": "zip",
                "url": "https://api.github.com/repos/quantaphp/array-type-check/zipball/17a233857d6d77c4143677a5a523eaa4ea7c89cc",
                "reference": "17a233857d6d77c4143677a5a523eaa4ea7c89cc",
                "shasum": ""
            },
            "require": {
                "php": ">=7.0"
            },
            "require-dev": {
                "eloquent/phony-kahlan": "^2.0",
                "kahlan/kahlan": "^4.0",
                "phpstan/phpstan": "^0.11.2"
            },
            "type": "library",
            "autoload": {
                "psr-4": {
                    "Quanta\\": "src"
                }
            },
            "notification-url": "https://packagist.org/downloads/",
            "license": [
                "MIT"
            ],
            "authors": [
                {
                    "name": "pmall",
                    "email": "pierre.mallinjoud@gmail.com"
                }
            ],
            "description": "PHP associative array type check",
            "homepage": "https://github.com/quantaphp/array-type-check",
            "time": "2019-07-16T10:56:56+00:00"
        },
        {
            "name": "quanta/container",
            "version": "0.3.2",
            "source": {
                "type": "git",
                "url": "https://github.com/quantaphp/container.git",
                "reference": "6b4158bc57e20e41860875908211507cfa113cd5"
            },
            "dist": {
                "type": "zip",
                "url": "https://api.github.com/repos/quantaphp/container/zipball/6b4158bc57e20e41860875908211507cfa113cd5",
                "reference": "6b4158bc57e20e41860875908211507cfa113cd5",
                "shasum": ""
            },
            "require": {
                "php": ">=7.0",
                "psr/container": "^1.0",
                "quanta/array-type-check": "^0.3"
            },
            "require-dev": {
                "eloquent/phony-kahlan": "^2.0",
                "kahlan/kahlan": "^4.0",
                "phpstan/phpstan": "^0.10.8"
            },
            "type": "library",
            "autoload": {
                "psr-4": {
                    "Quanta\\": "src"
                }
            },
            "notification-url": "https://packagist.org/downloads/",
            "license": [
                "MIT"
            ],
            "authors": [
                {
                    "name": "pmall",
                    "email": "pierre.mallinjoud@gmail.com"
                }
            ],
            "description": "Minimalist dependency injection container implementing Psr-11",
            "homepage": "https://github.com/quantaphp/container",
            "keywords": [
                "PSR-11",
                "container",
                "dependency-injection"
            ],
            "time": "2019-07-16T11:22:30+00:00"
        },
        {
            "name": "quanta/http-middleware",
            "version": "0.3.0",
            "source": {
                "type": "git",
                "url": "https://github.com/quantaphp/http-middleware.git",
                "reference": "4cedf7964205b6c4fd560d8ce6dfa3f8e3f91c9e"
            },
            "dist": {
                "type": "zip",
                "url": "https://api.github.com/repos/quantaphp/http-middleware/zipball/4cedf7964205b6c4fd560d8ce6dfa3f8e3f91c9e",
                "reference": "4cedf7964205b6c4fd560d8ce6dfa3f8e3f91c9e",
                "shasum": ""
            },
            "require": {
                "php": "7.4.0",
                "psr/http-message": "^1.0",
                "psr/http-server-handler": "^1.0",
                "psr/http-server-middleware": "^1.0"
            },
            "require-dev": {
                "eloquent/phony-kahlan": "^2.0",
                "kahlan/kahlan": "^4.5",
                "phpstan/phpstan": "^0.12.3"
            },
            "type": "library",
            "autoload": {
                "psr-4": {
                    "Quanta\\Http\\": "src"
                }
            },
            "notification-url": "https://packagist.org/downloads/",
            "license": [
                "MIT"
            ],
            "authors": [
                {
                    "name": "pmall",
                    "email": "pierre.mallinjoud@gmail.com"
                }
            ],
            "description": "Minimalist library for dispatching Psr-15 middleware",
            "homepage": "https://github.com/quantaphp/http-middleware",
            "keywords": [
                "dispatcher",
                "middleware",
                "psr-15",
                "request-handler"
            ],
            "time": "2019-12-20T12:45:18+00:00"
        },
        {
            "name": "quanta/validation",
            "version": "0.4.0",
            "source": {
                "type": "git",
                "url": "https://github.com/quantaphp/validation.git",
                "reference": "96398eb7a64377574862dcd772d8cea91430941d"
            },
            "dist": {
                "type": "zip",
                "url": "https://api.github.com/repos/quantaphp/validation/zipball/96398eb7a64377574862dcd772d8cea91430941d",
                "reference": "96398eb7a64377574862dcd772d8cea91430941d",
                "shasum": ""
            },
            "require": {
                "php": ">=7.4"
            },
            "require-dev": {
                "eloquent/phony-kahlan": "^2.0",
                "kahlan/kahlan": "^4.0",
                "phpstan/phpstan": "^0.12.0"
            },
            "type": "library",
            "autoload": {
                "psr-4": {
                    "Quanta\\Validation\\": "src"
                }
            },
            "notification-url": "https://packagist.org/downloads/",
            "license": [
                "MIT"
            ],
            "authors": [
                {
                    "name": "pmall",
                    "email": "pierre.mallinjoud@gmail.com"
                }
            ],
            "description": "Input validation library",
            "homepage": "https://github.com/quantaphp/validation",
            "keywords": [
                "input",
                "validation"
            ],
            "time": "2019-12-09T13:57:28+00:00"
        },
        {
            "name": "symfony/dotenv",
            "version": "v4.4.1",
            "source": {
                "type": "git",
                "url": "https://github.com/symfony/dotenv.git",
                "reference": "7abe2c6d7d232cf5a88e79a57479876b35704a01"
            },
            "dist": {
                "type": "zip",
                "url": "https://api.github.com/repos/symfony/dotenv/zipball/7abe2c6d7d232cf5a88e79a57479876b35704a01",
                "reference": "7abe2c6d7d232cf5a88e79a57479876b35704a01",
                "shasum": ""
            },
            "require": {
                "php": "^7.1.3"
            },
            "require-dev": {
                "symfony/process": "^3.4.2|^4.0|^5.0"
            },
            "type": "library",
            "extra": {
                "branch-alias": {
                    "dev-master": "4.4-dev"
                }
            },
            "autoload": {
                "psr-4": {
                    "Symfony\\Component\\Dotenv\\": ""
                },
                "exclude-from-classmap": [
                    "/Tests/"
                ]
            },
            "notification-url": "https://packagist.org/downloads/",
            "license": [
                "MIT"
            ],
            "authors": [
                {
                    "name": "Fabien Potencier",
                    "email": "fabien@symfony.com"
                },
                {
                    "name": "Symfony Community",
                    "homepage": "https://symfony.com/contributors"
                }
            ],
            "description": "Registers environment variables from a .env file",
            "homepage": "https://symfony.com",
            "keywords": [
                "dotenv",
                "env",
                "environment"
            ],
            "time": "2019-11-23T14:53:46+00:00"
        }
    ],
    "packages-dev": [
        {
            "name": "nikic/php-parser",
            "version": "v4.3.0",
            "source": {
                "type": "git",
                "url": "https://github.com/nikic/PHP-Parser.git",
                "reference": "9a9981c347c5c49d6dfe5cf826bb882b824080dc"
            },
            "dist": {
                "type": "zip",
                "url": "https://api.github.com/repos/nikic/PHP-Parser/zipball/9a9981c347c5c49d6dfe5cf826bb882b824080dc",
                "reference": "9a9981c347c5c49d6dfe5cf826bb882b824080dc",
                "shasum": ""
            },
            "require": {
                "ext-tokenizer": "*",
                "php": ">=7.0"
            },
            "require-dev": {
                "ircmaxell/php-yacc": "0.0.5",
                "phpunit/phpunit": "^6.5 || ^7.0 || ^8.0"
            },
            "bin": [
                "bin/php-parse"
            ],
            "type": "library",
            "extra": {
                "branch-alias": {
                    "dev-master": "4.3-dev"
                }
            },
            "autoload": {
                "psr-4": {
                    "PhpParser\\": "lib/PhpParser"
                }
            },
            "notification-url": "https://packagist.org/downloads/",
            "license": [
                "BSD-3-Clause"
            ],
            "authors": [
                {
                    "name": "Nikita Popov"
                }
            ],
            "description": "A PHP parser written in PHP",
            "keywords": [
                "parser",
                "php"
            ],
            "time": "2019-11-08T13:50:10+00:00"
        },
        {
            "name": "phpstan/phpstan",
            "version": "0.12.3",
            "source": {
                "type": "git",
                "url": "https://github.com/phpstan/phpstan.git",
                "reference": "c15a6ea55da71d8133399306f560cfe4d30301b7"
            },
            "dist": {
                "type": "zip",
                "url": "https://api.github.com/repos/phpstan/phpstan/zipball/c15a6ea55da71d8133399306f560cfe4d30301b7",
                "reference": "c15a6ea55da71d8133399306f560cfe4d30301b7",
                "shasum": ""
            },
            "require": {
                "nikic/php-parser": "^4.3.0",
                "php": "^7.1"
            },
            "bin": [
                "phpstan",
                "phpstan.phar"
            ],
            "type": "library",
            "extra": {
                "branch-alias": {
                    "dev-master": "0.12-dev"
                }
            },
            "autoload": {
                "files": [
                    "bootstrap.php"
                ]
            },
            "notification-url": "https://packagist.org/downloads/",
            "license": [
                "MIT"
            ],
            "description": "PHPStan - PHP Static Analysis Tool",
            "time": "2019-12-14T13:41:17+00:00"
        }
    ],
    "aliases": [],
    "minimum-stability": "stable",
    "stability-flags": [],
    "prefer-stable": false,
    "prefer-lowest": false,
    "platform": [],
    "platform-dev": [],
    "platform-overrides": {
        "php": "7.4"
    }
}
