{
    "_readme": [
        "This file locks the dependencies of your project to a known state",
        "Read more about it at https://getcomposer.org/doc/01-basic-usage.md#installing-dependencies",
        "This file is @generated automatically"
    ],
    "content-hash": "bf2208fcf04f55887b7d15db66b04a9f",
    "packages": [
        {
            "name": "guzzlehttp/psr7",
            "version": "1.7.0",
            "source": {
                "type": "git",
                "url": "https://github.com/guzzle/psr7.git",
                "reference": "53330f47520498c0ae1f61f7e2c90f55690c06a3"
            },
            "dist": {
                "type": "zip",
                "url": "https://api.github.com/repos/guzzle/psr7/zipball/53330f47520498c0ae1f61f7e2c90f55690c06a3",
                "reference": "53330f47520498c0ae1f61f7e2c90f55690c06a3",
                "shasum": ""
            },
            "require": {
                "php": ">=5.4.0",
                "psr/http-message": "~1.0",
                "ralouphie/getallheaders": "^2.0.5 || ^3.0.0"
            },
            "provide": {
                "psr/http-message-implementation": "1.0"
            },
            "require-dev": {
                "ext-zlib": "*",
                "phpunit/phpunit": "~4.8.36 || ^5.7.27 || ^6.5.14 || ^7.5.20 || ^8.5.8 || ^9.3.10"
            },
            "suggest": {
                "laminas/laminas-httphandlerrunner": "Emit PSR-7 responses"
            },
            "type": "library",
            "extra": {
                "branch-alias": {
                    "dev-master": "1.7-dev"
                }
            },
            "autoload": {
                "psr-4": {
                    "GuzzleHttp\\Psr7\\": "src/"
                },
                "files": [
                    "src/functions_include.php"
                ]
            },
            "notification-url": "https://packagist.org/downloads/",
            "license": [
                "MIT"
            ],
            "authors": [
                {
                    "name": "Michael Dowling",
                    "email": "mtdowling@gmail.com",
                    "homepage": "https://github.com/mtdowling"
                },
                {
                    "name": "Tobias Schultze",
                    "homepage": "https://github.com/Tobion"
                }
            ],
            "description": "PSR-7 message implementation that also provides common utility methods",
            "keywords": [
                "http",
                "message",
                "psr-7",
                "request",
                "response",
                "stream",
                "uri",
                "url"
            ],
            "time": "2020-09-30T07:37:11+00:00"
        },
        {
            "name": "http-interop/http-factory-guzzle",
            "version": "1.0.0",
            "source": {
                "type": "git",
                "url": "https://github.com/http-interop/http-factory-guzzle.git",
                "reference": "34861658efb9899a6618cef03de46e2a52c80fc0"
            },
            "dist": {
                "type": "zip",
                "url": "https://api.github.com/repos/http-interop/http-factory-guzzle/zipball/34861658efb9899a6618cef03de46e2a52c80fc0",
                "reference": "34861658efb9899a6618cef03de46e2a52c80fc0",
                "shasum": ""
            },
            "require": {
                "guzzlehttp/psr7": "^1.4.2",
                "psr/http-factory": "^1.0"
            },
            "provide": {
                "psr/http-factory-implementation": "^1.0"
            },
            "require-dev": {
                "http-interop/http-factory-tests": "^0.5",
                "phpunit/phpunit": "^6.5"
            },
            "type": "library",
            "autoload": {
                "psr-4": {
                    "Http\\Factory\\Guzzle\\": "src/"
                }
            },
            "notification-url": "https://packagist.org/downloads/",
            "license": [
                "MIT"
            ],
            "authors": [
                {
                    "name": "PHP-FIG",
                    "homepage": "http://www.php-fig.org/"
                }
            ],
            "description": "An HTTP Factory using Guzzle PSR7",
            "keywords": [
                "factory",
                "http",
                "psr-17",
                "psr-7"
            ],
            "time": "2018-07-31T19:32:56+00:00"
        },
        {
            "name": "http-interop/response-sender",
            "version": "1.0.0",
            "source": {
                "type": "git",
                "url": "https://github.com/http-interop/response-sender.git",
                "reference": "fd63be06cd6c9216ef3c725af1a3f6b155eebc84"
            },
            "dist": {
                "type": "zip",
                "url": "https://api.github.com/repos/http-interop/response-sender/zipball/fd63be06cd6c9216ef3c725af1a3f6b155eebc84",
                "reference": "fd63be06cd6c9216ef3c725af1a3f6b155eebc84",
                "shasum": ""
            },
            "require": {
                "psr/http-message": "^1.0"
            },
            "require-dev": {
                "guzzlehttp/psr7": "^1.4",
                "php-mock/php-mock-phpunit": "^1.1",
                "phpunit/phpunit": "^5.6"
            },
            "type": "library",
            "autoload": {
                "files": [
                    "src/functions.php"
                ]
            },
            "notification-url": "https://packagist.org/downloads/",
            "license": [
                "MIT"
            ],
            "authors": [
                {
                    "name": "Woody Gilk",
                    "email": "woody.gilk@gmail.com"
                }
            ],
            "description": "A function to convert PSR-7 Response to HTTP output",
            "time": "2017-03-17T15:46:19+00:00"
        },
        {
            "name": "middlewares/payload",
            "version": "v3.0.0",
            "source": {
                "type": "git",
                "url": "https://github.com/middlewares/payload.git",
                "reference": "9a3f312b7989ab9ead69a73c4b3477c2bac8ed21"
            },
            "dist": {
                "type": "zip",
                "url": "https://api.github.com/repos/middlewares/payload/zipball/9a3f312b7989ab9ead69a73c4b3477c2bac8ed21",
                "reference": "9a3f312b7989ab9ead69a73c4b3477c2bac8ed21",
                "shasum": ""
            },
            "require": {
                "middlewares/utils": "^3.0",
                "php": "^7.2",
                "psr/http-server-middleware": "^1.0"
            },
            "require-dev": {
                "friendsofphp/php-cs-fixer": "^2.0",
                "oscarotero/php-cs-fixer-config": "^1.0",
                "phpunit/phpunit": "^8.1",
                "squizlabs/php_codesniffer": "^3.0",
                "zendframework/zend-diactoros": "^2.2"
            },
            "suggest": {
                "middlewares/csv-payload": "Adds support for parsing CSV body of request"
            },
            "type": "library",
            "autoload": {
                "psr-4": {
                    "Middlewares\\": "src/"
                }
            },
            "notification-url": "https://packagist.org/downloads/",
            "license": [
                "MIT"
            ],
            "description": "Middleware to parse the body of the request with support for json, csv and url-encode",
            "homepage": "https://github.com/middlewares/payload",
            "keywords": [
                "http",
                "json",
                "middleware",
                "payload",
                "psr-15",
                "psr-7",
                "server",
                "url-encode"
            ],
            "time": "2019-11-29T17:20:58+00:00"
        },
        {
            "name": "middlewares/utils",
            "version": "v3.1.0",
            "source": {
                "type": "git",
                "url": "https://github.com/middlewares/utils.git",
                "reference": "13689487e8f3bba10b6cc66ed206efc8b874163e"
            },
            "dist": {
                "type": "zip",
                "url": "https://api.github.com/repos/middlewares/utils/zipball/13689487e8f3bba10b6cc66ed206efc8b874163e",
                "reference": "13689487e8f3bba10b6cc66ed206efc8b874163e",
                "shasum": ""
            },
            "require": {
                "php": "^7.2",
                "psr/container": "^1.0",
                "psr/http-factory": "^1.0",
                "psr/http-message": "^1.0",
                "psr/http-server-middleware": "^1.0"
            },
            "require-dev": {
                "friendsofphp/php-cs-fixer": "^2.0",
                "guzzlehttp/psr7": "dev-master",
                "laminas/laminas-diactoros": "^2.2",
                "nyholm/psr7": "^1.0",
                "oscarotero/php-cs-fixer-config": "^1.0",
                "phpunit/phpunit": "^8.1",
                "slim/psr7": "~0.3",
                "squizlabs/php_codesniffer": "^3.0",
                "sunrise/http-message": "^1.0",
                "sunrise/http-server-request": "^1.0",
                "sunrise/stream": "^1.0",
                "sunrise/uri": "^1.0"
            },
            "type": "library",
            "autoload": {
                "psr-4": {
                    "Middlewares\\Utils\\": "src/"
                }
            },
            "notification-url": "https://packagist.org/downloads/",
            "license": [
                "MIT"
            ],
            "description": "Common utils for PSR-15 middleware packages",
            "homepage": "https://github.com/middlewares/utils",
            "keywords": [
                "PSR-11",
                "http",
                "middleware",
                "psr-15",
                "psr-17",
                "psr-7"
            ],
            "time": "2020-01-19T00:30:41+00:00"
        },
        {
            "name": "nikic/fast-route",
            "version": "v1.3.0",
            "source": {
                "type": "git",
                "url": "https://github.com/nikic/FastRoute.git",
                "reference": "181d480e08d9476e61381e04a71b34dc0432e812"
            },
            "dist": {
                "type": "zip",
                "url": "https://api.github.com/repos/nikic/FastRoute/zipball/181d480e08d9476e61381e04a71b34dc0432e812",
                "reference": "181d480e08d9476e61381e04a71b34dc0432e812",
                "shasum": ""
            },
            "require": {
                "php": ">=5.4.0"
            },
            "require-dev": {
                "phpunit/phpunit": "^4.8.35|~5.7"
            },
            "type": "library",
            "autoload": {
                "psr-4": {
                    "FastRoute\\": "src/"
                },
                "files": [
                    "src/functions.php"
                ]
            },
            "notification-url": "https://packagist.org/downloads/",
            "license": [
                "BSD-3-Clause"
            ],
            "authors": [
                {
                    "name": "Nikita Popov",
                    "email": "nikic@php.net"
                }
            ],
            "description": "Fast request router for PHP",
            "keywords": [
                "router",
                "routing"
            ],
            "time": "2018-02-13T20:26:39+00:00"
        },
        {
            "name": "psr/container",
            "version": "1.0.0",
            "source": {
                "type": "git",
                "url": "https://github.com/php-fig/container.git",
                "reference": "b7ce3b176482dbbc1245ebf52b181af44c2cf55f"
            },
            "dist": {
                "type": "zip",
                "url": "https://api.github.com/repos/php-fig/container/zipball/b7ce3b176482dbbc1245ebf52b181af44c2cf55f",
                "reference": "b7ce3b176482dbbc1245ebf52b181af44c2cf55f",
                "shasum": ""
            },
            "require": {
                "php": ">=5.3.0"
            },
            "type": "library",
            "extra": {
                "branch-alias": {
                    "dev-master": "1.0.x-dev"
                }
            },
            "autoload": {
                "psr-4": {
                    "Psr\\Container\\": "src/"
                }
            },
            "notification-url": "https://packagist.org/downloads/",
            "license": [
                "MIT"
            ],
            "authors": [
                {
                    "name": "PHP-FIG",
                    "homepage": "http://www.php-fig.org/"
                }
            ],
            "description": "Common Container Interface (PHP FIG PSR-11)",
            "homepage": "https://github.com/php-fig/container",
            "keywords": [
                "PSR-11",
                "container",
                "container-interface",
                "container-interop",
                "psr"
            ],
            "time": "2017-02-14T16:28:37+00:00"
        },
        {
            "name": "psr/http-factory",
            "version": "1.0.1",
            "source": {
                "type": "git",
                "url": "https://github.com/php-fig/http-factory.git",
                "reference": "12ac7fcd07e5b077433f5f2bee95b3a771bf61be"
            },
            "dist": {
                "type": "zip",
                "url": "https://api.github.com/repos/php-fig/http-factory/zipball/12ac7fcd07e5b077433f5f2bee95b3a771bf61be",
                "reference": "12ac7fcd07e5b077433f5f2bee95b3a771bf61be",
                "shasum": ""
            },
            "require": {
                "php": ">=7.0.0",
                "psr/http-message": "^1.0"
            },
            "type": "library",
            "extra": {
                "branch-alias": {
                    "dev-master": "1.0.x-dev"
                }
            },
            "autoload": {
                "psr-4": {
                    "Psr\\Http\\Message\\": "src/"
                }
            },
            "notification-url": "https://packagist.org/downloads/",
            "license": [
                "MIT"
            ],
            "authors": [
                {
                    "name": "PHP-FIG",
                    "homepage": "http://www.php-fig.org/"
                }
            ],
            "description": "Common interfaces for PSR-7 HTTP message factories",
            "keywords": [
                "factory",
                "http",
                "message",
                "psr",
                "psr-17",
                "psr-7",
                "request",
                "response"
            ],
            "time": "2019-04-30T12:38:16+00:00"
        },
        {
            "name": "psr/http-message",
            "version": "1.0.1",
            "source": {
                "type": "git",
                "url": "https://github.com/php-fig/http-message.git",
                "reference": "f6561bf28d520154e4b0ec72be95418abe6d9363"
            },
            "dist": {
                "type": "zip",
                "url": "https://api.github.com/repos/php-fig/http-message/zipball/f6561bf28d520154e4b0ec72be95418abe6d9363",
                "reference": "f6561bf28d520154e4b0ec72be95418abe6d9363",
                "shasum": ""
            },
            "require": {
                "php": ">=5.3.0"
            },
            "type": "library",
            "extra": {
                "branch-alias": {
                    "dev-master": "1.0.x-dev"
                }
            },
            "autoload": {
                "psr-4": {
                    "Psr\\Http\\Message\\": "src/"
                }
            },
            "notification-url": "https://packagist.org/downloads/",
            "license": [
                "MIT"
            ],
            "authors": [
                {
                    "name": "PHP-FIG",
                    "homepage": "http://www.php-fig.org/"
                }
            ],
            "description": "Common interface for HTTP messages",
            "homepage": "https://github.com/php-fig/http-message",
            "keywords": [
                "http",
                "http-message",
                "psr",
                "psr-7",
                "request",
                "response"
            ],
            "time": "2016-08-06T14:39:51+00:00"
        },
        {
            "name": "psr/http-server-handler",
            "version": "1.0.1",
            "source": {
                "type": "git",
                "url": "https://github.com/php-fig/http-server-handler.git",
                "reference": "aff2f80e33b7f026ec96bb42f63242dc50ffcae7"
            },
            "dist": {
                "type": "zip",
                "url": "https://api.github.com/repos/php-fig/http-server-handler/zipball/aff2f80e33b7f026ec96bb42f63242dc50ffcae7",
                "reference": "aff2f80e33b7f026ec96bb42f63242dc50ffcae7",
                "shasum": ""
            },
            "require": {
                "php": ">=7.0",
                "psr/http-message": "^1.0"
            },
            "type": "library",
            "extra": {
                "branch-alias": {
                    "dev-master": "1.0.x-dev"
                }
            },
            "autoload": {
                "psr-4": {
                    "Psr\\Http\\Server\\": "src/"
                }
            },
            "notification-url": "https://packagist.org/downloads/",
            "license": [
                "MIT"
            ],
            "authors": [
                {
                    "name": "PHP-FIG",
                    "homepage": "http://www.php-fig.org/"
                }
            ],
            "description": "Common interface for HTTP server-side request handler",
            "keywords": [
                "handler",
                "http",
                "http-interop",
                "psr",
                "psr-15",
                "psr-7",
                "request",
                "response",
                "server"
            ],
            "time": "2018-10-30T16:46:14+00:00"
        },
        {
            "name": "psr/http-server-middleware",
            "version": "1.0.1",
            "source": {
                "type": "git",
                "url": "https://github.com/php-fig/http-server-middleware.git",
                "reference": "2296f45510945530b9dceb8bcedb5cb84d40c5f5"
            },
            "dist": {
                "type": "zip",
                "url": "https://api.github.com/repos/php-fig/http-server-middleware/zipball/2296f45510945530b9dceb8bcedb5cb84d40c5f5",
                "reference": "2296f45510945530b9dceb8bcedb5cb84d40c5f5",
                "shasum": ""
            },
            "require": {
                "php": ">=7.0",
                "psr/http-message": "^1.0",
                "psr/http-server-handler": "^1.0"
            },
            "type": "library",
            "extra": {
                "branch-alias": {
                    "dev-master": "1.0.x-dev"
                }
            },
            "autoload": {
                "psr-4": {
                    "Psr\\Http\\Server\\": "src/"
                }
            },
            "notification-url": "https://packagist.org/downloads/",
            "license": [
                "MIT"
            ],
            "authors": [
                {
                    "name": "PHP-FIG",
                    "homepage": "http://www.php-fig.org/"
                }
            ],
            "description": "Common interface for HTTP server-side middleware",
            "keywords": [
                "http",
                "http-interop",
                "middleware",
                "psr",
                "psr-15",
                "psr-7",
                "request",
                "response"
            ],
            "time": "2018-10-30T17:12:04+00:00"
        },
        {
            "name": "quanta/container",
            "version": "0.5.0",
            "source": {
                "type": "git",
                "url": "https://github.com/quantaphp/container.git",
                "reference": "7f05cee063b9dcffe8ec5f777bdf07b36f517210"
            },
            "dist": {
                "type": "zip",
                "url": "https://api.github.com/repos/quantaphp/container/zipball/7f05cee063b9dcffe8ec5f777bdf07b36f517210",
                "reference": "7f05cee063b9dcffe8ec5f777bdf07b36f517210",
                "shasum": ""
            },
            "require": {
                "php": "^7.0",
                "psr/container": "^1.0"
            },
            "require-dev": {
                "eloquent/phony-kahlan": "^3.0",
                "kahlan/kahlan": "^4.7",
                "phpstan/phpstan": "^0.12.27"
            },
            "type": "library",
            "autoload": {
                "psr-4": {
                    "Quanta\\": "src"
                }
            },
            "notification-url": "https://packagist.org/downloads/",
            "license": [
                "MIT"
            ],
            "authors": [
                {
                    "name": "pmall",
                    "email": "pierre.mallinjoud@gmail.com"
                }
            ],
            "description": "Minimalist dependency injection container implementing Psr-11",
            "homepage": "https://github.com/quantaphp/container",
            "keywords": [
                "PSR-11",
                "container",
                "dependency-injection"
            ],
            "time": "2020-06-29T11:45:27+00:00"
        },
        {
            "name": "quanta/http-dispatcher",
            "version": "0.4.3",
            "source": {
                "type": "git",
                "url": "https://github.com/quantaphp/http-dispatcher.git",
                "reference": "126006c9e2b620885da31f00950a327a46cfeea7"
            },
            "dist": {
                "type": "zip",
                "url": "https://api.github.com/repos/quantaphp/http-dispatcher/zipball/126006c9e2b620885da31f00950a327a46cfeea7",
                "reference": "126006c9e2b620885da31f00950a327a46cfeea7",
                "shasum": ""
            },
            "require": {
                "php": "^7.4",
                "psr/http-message": "^1.0",
                "psr/http-server-handler": "^1.0",
                "psr/http-server-middleware": "^1.0"
            },
            "require-dev": {
                "eloquent/phony-kahlan": "^3.0",
                "kahlan/kahlan": "^4.7",
                "phpstan/phpstan": "^0.12.28"
            },
            "type": "library",
            "autoload": {
                "psr-4": {
                    "Quanta\\Http\\": "src"
                }
            },
            "notification-url": "https://packagist.org/downloads/",
            "license": [
                "MIT"
            ],
            "authors": [
                {
                    "name": "pmall",
                    "email": "pierre.mallinjoud@gmail.com"
                }
            ],
            "description": "Minimalist Psr-15 middleware dispatcher",
            "homepage": "https://github.com/quantaphp/http-dispatcher",
            "keywords": [
                "dispatcher",
                "middleware",
                "psr-15",
                "request-handler"
            ],
            "time": "2020-06-12T15:37:14+00:00"
        },
        {
            "name": "quanta/http-endpoint",
            "version": "0.4.0",
            "source": {
                "type": "git",
                "url": "https://github.com/quantaphp/http-endpoint.git",
                "reference": "4dc1c3f6d324b566dbfbd547572b28b2715e8d18"
            },
            "dist": {
                "type": "zip",
                "url": "https://api.github.com/repos/quantaphp/http-endpoint/zipball/4dc1c3f6d324b566dbfbd547572b28b2715e8d18",
                "reference": "4dc1c3f6d324b566dbfbd547572b28b2715e8d18",
                "shasum": ""
            },
            "require": {
                "php": "^7.4",
                "psr/http-factory": "^1.0",
                "psr/http-message": "^1.0",
                "psr/http-server-handler": "^1.0"
            },
            "require-dev": {
                "eloquent/phony-kahlan": "^3.0",
                "kahlan/kahlan": "^4.7",
                "phpstan/phpstan": "^0.12.25"
            },
            "type": "library",
            "autoload": {
                "psr-4": {
                    "Quanta\\Http\\": "src"
                }
            },
            "notification-url": "https://packagist.org/downloads/",
            "license": [
                "MIT"
            ],
            "authors": [
                {
                    "name": "pmall",
                    "email": "pierre.mallinjoud@gmail.com"
                }
            ],
            "description": "Minimalist library to create Psr-15 request handlers",
            "homepage": "https://github.com/quantaphp/http-endpoint",
            "keywords": [
                "middleware",
                "psr-15",
                "request-handler"
            ],
            "time": "2020-09-09T13:56:00+00:00"
        },
        {
            "name": "quanta/http-responder",
            "version": "0.1.1",
            "source": {
                "type": "git",
                "url": "https://github.com/quantaphp/http-responder.git",
                "reference": "bb56a5ab8e74d5b80110fb05ab1cf0f29c802ca6"
            },
            "dist": {
                "type": "zip",
                "url": "https://api.github.com/repos/quantaphp/http-responder/zipball/bb56a5ab8e74d5b80110fb05ab1cf0f29c802ca6",
                "reference": "bb56a5ab8e74d5b80110fb05ab1cf0f29c802ca6",
                "shasum": ""
            },
            "require": {
                "php": "^7.4",
                "psr/http-factory": "^1.0",
                "psr/http-message": "^1.0"
            },
            "require-dev": {
                "kahlan/kahlan": "^4.7",
                "laminas/laminas-diactoros": "^2.3",
                "phpstan/phpstan": "^0.12.25"
            },
            "type": "library",
            "autoload": {
                "psr-4": {
                    "Quanta\\Http\\": "src"
                }
            },
            "notification-url": "https://packagist.org/downloads/",
            "license": [
                "MIT"
            ],
            "authors": [
                {
                    "name": "pmall",
                    "email": "pierre.mallinjoud@gmail.com"
                }
            ],
            "description": "Minimalist library to create Psr-7 responses",
            "homepage": "https://github.com/quantaphp/http-responder",
            "keywords": [
                "psr-7",
                "response"
            ],
            "time": "2020-09-09T10:34:33+00:00"
        },
        {
            "name": "quanta/http-routing",
            "version": "0.2.2",
            "source": {
                "type": "git",
                "url": "https://github.com/quantaphp/http-routing.git",
                "reference": "718822d7361491536523a7c73db8b6c30d04fc94"
            },
            "dist": {
                "type": "zip",
                "url": "https://api.github.com/repos/quantaphp/http-routing/zipball/718822d7361491536523a7c73db8b6c30d04fc94",
                "reference": "718822d7361491536523a7c73db8b6c30d04fc94",
                "shasum": ""
            },
            "require": {
                "php": "^7.4",
                "psr/http-factory": "^1.0",
                "psr/http-message": "^1.0",
                "psr/http-server-handler": "^1.0",
                "psr/http-server-middleware": "^1.0"
            },
            "require-dev": {
                "eloquent/phony-kahlan": "^2.0",
                "kahlan/kahlan": "^4.5",
                "phpstan/phpstan": "^0.12.3"
            },
            "type": "library",
            "autoload": {
                "psr-4": {
                    "Quanta\\Http\\": "src"
                }
            },
            "notification-url": "https://packagist.org/downloads/",
            "license": [
                "MIT"
            ],
            "authors": [
                {
                    "name": "pmall",
                    "email": "pierre.mallinjoud@gmail.com"
                }
            ],
            "description": "Psr-15 routing middleware",
            "homepage": "https://github.com/quantaphp/http-routing",
            "keywords": [
                "middleware",
                "psr-15",
                "router",
                "routing"
            ],
            "time": "2020-01-15T10:38:39+00:00"
        },
        {
            "name": "quanta/validation",
            "version": "0.7",
            "source": {
                "type": "git",
                "url": "https://github.com/quantaphp/validation.git",
                "reference": "b896f9c9251b96a85df12fd5380919ccb38f107d"
            },
            "dist": {
                "type": "zip",
                "url": "https://api.github.com/repos/quantaphp/validation/zipball/b896f9c9251b96a85df12fd5380919ccb38f107d",
                "reference": "b896f9c9251b96a85df12fd5380919ccb38f107d",
                "shasum": ""
            },
            "require": {
                "php": "^7.4"
            },
            "require-dev": {
                "eloquent/phony-kahlan": "^2.0",
                "kahlan/kahlan": "^4.0",
                "phpstan/phpstan": "^0.12.0"
            },
            "type": "library",
            "autoload": {
                "psr-4": {
                    "Quanta\\Validation\\": "src"
                }
            },
            "notification-url": "https://packagist.org/downloads/",
            "license": [
                "MIT"
            ],
            "authors": [
                {
                    "name": "pmall",
                    "email": "pierre.mallinjoud@gmail.com"
                }
            ],
            "description": "Input validation library",
            "homepage": "https://github.com/quantaphp/validation",
            "keywords": [
                "input",
                "validation"
            ],
            "time": "2020-10-01T09:06:32+00:00"
        },
        {
            "name": "ralouphie/getallheaders",
            "version": "3.0.3",
            "source": {
                "type": "git",
                "url": "https://github.com/ralouphie/getallheaders.git",
                "reference": "120b605dfeb996808c31b6477290a714d356e822"
            },
            "dist": {
                "type": "zip",
                "url": "https://api.github.com/repos/ralouphie/getallheaders/zipball/120b605dfeb996808c31b6477290a714d356e822",
                "reference": "120b605dfeb996808c31b6477290a714d356e822",
                "shasum": ""
            },
            "require": {
                "php": ">=5.6"
            },
            "require-dev": {
                "php-coveralls/php-coveralls": "^2.1",
                "phpunit/phpunit": "^5 || ^6.5"
            },
            "type": "library",
            "autoload": {
                "files": [
                    "src/getallheaders.php"
                ]
            },
            "notification-url": "https://packagist.org/downloads/",
            "license": [
                "MIT"
            ],
            "authors": [
                {
                    "name": "Ralph Khattar",
                    "email": "ralph.khattar@gmail.com"
                }
            ],
            "description": "A polyfill for getallheaders.",
            "time": "2019-03-08T08:55:37+00:00"
        },
        {
            "name": "symfony/deprecation-contracts",
            "version": "v2.2.0",
            "source": {
                "type": "git",
                "url": "https://github.com/symfony/deprecation-contracts.git",
                "reference": "5fa56b4074d1ae755beb55617ddafe6f5d78f665"
            },
            "dist": {
                "type": "zip",
                "url": "https://api.github.com/repos/symfony/deprecation-contracts/zipball/5fa56b4074d1ae755beb55617ddafe6f5d78f665",
                "reference": "5fa56b4074d1ae755beb55617ddafe6f5d78f665",
                "shasum": ""
            },
            "require": {
                "php": ">=7.1"
            },
            "type": "library",
            "extra": {
                "branch-alias": {
                    "dev-master": "2.2-dev"
                },
                "thanks": {
                    "name": "symfony/contracts",
                    "url": "https://github.com/symfony/contracts"
                }
            },
            "autoload": {
                "files": [
                    "function.php"
                ]
            },
            "notification-url": "https://packagist.org/downloads/",
            "license": [
                "MIT"
            ],
            "authors": [
                {
                    "name": "Nicolas Grekas",
                    "email": "p@tchwork.com"
                },
                {
                    "name": "Symfony Community",
                    "homepage": "https://symfony.com/contributors"
                }
            ],
            "description": "A generic function and convention to trigger deprecation notices",
            "homepage": "https://symfony.com",
            "time": "2020-09-07T11:33:47+00:00"
        },
        {
            "name": "symfony/dotenv",
            "version": "v5.1.7",
            "source": {
                "type": "git",
                "url": "https://github.com/symfony/dotenv.git",
                "reference": "f406eaad1231415bf753fbef5aef267a787af4e5"
            },
            "dist": {
                "type": "zip",
                "url": "https://api.github.com/repos/symfony/dotenv/zipball/f406eaad1231415bf753fbef5aef267a787af4e5",
                "reference": "f406eaad1231415bf753fbef5aef267a787af4e5",
                "shasum": ""
            },
            "require": {
                "php": ">=7.2.5",
                "symfony/deprecation-contracts": "^2.1"
            },
            "require-dev": {
                "symfony/process": "^4.4|^5.0"
            },
            "type": "library",
            "extra": {
                "branch-alias": {
                    "dev-master": "5.1-dev"
                }
            },
            "autoload": {
                "psr-4": {
                    "Symfony\\Component\\Dotenv\\": ""
                },
                "exclude-from-classmap": [
                    "/Tests/"
                ]
            },
            "notification-url": "https://packagist.org/downloads/",
            "license": [
                "MIT"
            ],
            "authors": [
                {
                    "name": "Fabien Potencier",
                    "email": "fabien@symfony.com"
                },
                {
                    "name": "Symfony Community",
                    "homepage": "https://symfony.com/contributors"
                }
            ],
            "description": "Registers environment variables from a .env file",
            "homepage": "https://symfony.com",
            "keywords": [
                "dotenv",
                "env",
                "environment"
            ],
            "funding": [
                {
                    "url": "https://symfony.com/sponsor",
                    "type": "custom"
                },
                {
                    "url": "https://github.com/fabpot",
                    "type": "github"
                },
                {
                    "url": "https://tidelift.com/funding/github/packagist/symfony/symfony",
                    "type": "tidelift"
                }
            ],
            "time": "2020-09-02T16:23:27+00:00"
        }
    ],
    "packages-dev": [
        {
            "name": "phpstan/phpstan",
            "version": "0.12.48",
            "source": {
                "type": "git",
                "url": "https://github.com/phpstan/phpstan.git",
                "reference": "d364cfbac9ffd869570cdfea7eaa6541c3dac666"
            },
            "dist": {
                "type": "zip",
                "url": "https://api.github.com/repos/phpstan/phpstan/zipball/d364cfbac9ffd869570cdfea7eaa6541c3dac666",
                "reference": "d364cfbac9ffd869570cdfea7eaa6541c3dac666",
                "shasum": ""
            },
            "require": {
                "php": "^7.1|^8.0"
            },
            "conflict": {
                "phpstan/phpstan-shim": "*"
            },
            "bin": [
                "phpstan",
                "phpstan.phar"
            ],
            "type": "library",
            "extra": {
                "branch-alias": {
                    "dev-master": "0.12-dev"
                }
            },
            "autoload": {
                "files": [
                    "bootstrap.php"
                ]
            },
            "notification-url": "https://packagist.org/downloads/",
            "license": [
                "MIT"
            ],
            "description": "PHPStan - PHP Static Analysis Tool",
            "funding": [
                {
                    "url": "https://github.com/ondrejmirtes",
                    "type": "github"
                },
                {
                    "url": "https://www.patreon.com/phpstan",
                    "type": "patreon"
                },
                {
                    "url": "https://tidelift.com/funding/github/packagist/phpstan/phpstan",
                    "type": "tidelift"
                }
            ],
            "time": "2020-10-01T13:20:16+00:00"
        }
    ],
    "aliases": [],
    "minimum-stability": "stable",
    "stability-flags": [],
    "prefer-stable": false,
    "prefer-lowest": false,
    "platform": [],
    "platform-dev": [],
    "platform-overrides": {
        "php": "7.4"
    },
    "plugin-api-version": "1.1.0"
}
